
Microsoft Visual Studio Solution File, Format Version 12.00
# Visual Studio Version 16
VisualStudioVersion = 16.0.30413.136
MinimumVisualStudioVersion = 10.0.40219.1
Project("{FAE04EC0-301F-11D3-BF4B-00C04F79EFBC}") = "egresscheck_csharp", "egresscheck_csharp.csproj", "{8F3E7A9B-2AD2-4901-812E-39A5256885E1}"
EndProject
Global
	GlobalSection(SolutionConfigurationPlatforms) = preSolution
		Debug|Any CPU = Debug|Any CPU
		Release|Any CPU = Release|Any CPU
	EndGlobalSection
	GlobalSection(ProjectConfigurationPlatforms) = postSolution
		{8F3E7A9B-2AD2-4901-812E-39A5256885E1}.Debug|Any CPU.ActiveCfg = Debug|Any CPU
		{8F3E7A9B-2AD2-4901-812E-39A5256885E1}.Debug|Any CPU.Build.0 = Debug|Any CPU
		{8F3E7A9B-2AD2-4901-812E-39A5256885E1}.Release|Any CPU.ActiveCfg = Release|Any CPU
		{8F3E7A9B-2AD2-4901-812E-39A5256885E1}.Release|Any CPU.Build.0 = Release|Any CPU
	EndGlobalSection
	GlobalSection(SolutionProperties) = preSolution
		HideSolutionNode = FALSE
	EndGlobalSection
	GlobalSection(ExtensibilityGlobals) = postSolution
		SolutionGuid = {C96AEA44-67D1-4601-9A55-1D2B6576692E}
	EndGlobalSection
EndGlobal
